// !$*UTF8*$!
{
	archiveVersion = 1;
	classes = {
	};
	objectVersion = 46;
	objects = {

/* Begin PBXAggregateTarget section */
		5430B1080F2549EA8044EB5F /* ZERO_CHECK */ = {
			isa = PBXAggregateTarget;
			buildConfigurationList = 39E6342F64DC47F1A46CC96D /* Build configuration list for PBXAggregateTarget "ZERO_CHECK" */;
			buildPhases = (
				9B4C9EC17DD243009F841CEC /* CMake Rules */,
			);
			dependencies = (
			);
			name = ZERO_CHECK;
			productName = ZERO_CHECK;
		};
		9C44389F2C1248E299835660 /* ALL_BUILD */ = {
			isa = PBXAggregateTarget;
			buildConfigurationList = E5F0F732D6534C4FAEE8D629 /* Build configuration list for PBXAggregateTarget "ALL_BUILD" */;
			buildPhases = (
				04CBC7CF9C7C42E39C949966 /* CMake Rules */,
			);
			dependencies = (
				9F6B796F7E174987BFDD6D8A /* PBXTargetDependency */,
				CEC6FC837BC24A00BEFC6677 /* PBXTargetDependency */,
			);
			name = ALL_BUILD;
			productName = ALL_BUILD;
		};
/* End PBXAggregateTarget section */

/* Begin PBXBuildFile section */
		1E940AEFCC544F8E86432ED3 /* main.cpp in Sources */ = {isa = PBXBuildFile; fileRef = ABEE30B0A47E41BFACFC0687 /* main.cpp */; };
		295F3F7D6402420A87723CF3 /* ukf.cpp in Sources */ = {isa = PBXBuildFile; fileRef = 7F30BFF82CBF447BB12E5234 /* ukf.cpp */; };
		923CF0A299F54EA1A3479E42 /* tools.cpp in Sources */ = {isa = PBXBuildFile; fileRef = 590D7ED851784D36AD1DFACA /* tools.cpp */; };
/* End PBXBuildFile section */

/* Begin PBXContainerItemProxy section */
		6F7207E8B6E347EB9394D6DD /* PBXContainerItemProxy */ = {
			isa = PBXContainerItemProxy;
			containerPortal = 811F4FC597434A31B3EE5055 /* Project object */;
			proxyType = 1;
			remoteGlobalIDString = 7F81D91EE6824ABC9BA014DD;
			remoteInfo = UnscentedKF;
		};
		76E81DB2D1F349D2975D70FD /* PBXContainerItemProxy */ = {
			isa = PBXContainerItemProxy;
			containerPortal = 811F4FC597434A31B3EE5055 /* Project object */;
			proxyType = 1;
			remoteGlobalIDString = 5430B1080F2549EA8044EB5F;
			remoteInfo = ZERO_CHECK;
		};
		F1EC640E8D864312B6B4C2B3 /* PBXContainerItemProxy */ = {
			isa = PBXContainerItemProxy;
			containerPortal = 811F4FC597434A31B3EE5055 /* Project object */;
			proxyType = 1;
			remoteGlobalIDString = 5430B1080F2549EA8044EB5F;
			remoteInfo = ZERO_CHECK;
		};
/* End PBXContainerItemProxy section */

/* Begin PBXFileReference section */
		2EEDB063F0774C59823397CF /* CMakeLists.txt */ = {isa = PBXFileReference; explicitFileType = sourcecode.text; fileEncoding = 4; lastKnownFileType = text; path = CMakeLists.txt; sourceTree = SOURCE_ROOT; };
		5640084FC8E4445CA96FF26F /* CMakeLists.txt */ = {isa = PBXFileReference; explicitFileType = sourcecode.text; fileEncoding = 4; lastKnownFileType = text; path = CMakeLists.txt; sourceTree = SOURCE_ROOT; };
		590D7ED851784D36AD1DFACA /* tools.cpp */ = {isa = PBXFileReference; explicitFileType = sourcecode.cpp.cpp; fileEncoding = 4; name = tools.cpp; path = src/tools.cpp; sourceTree = SOURCE_ROOT; };
		6C83AD7B92034322BFE954F5 /* UnscentedKF */ = {isa = PBXFileReference; explicitFileType = "compiled.mach-o.executable"; path = UnscentedKF; sourceTree = BUILT_PRODUCTS_DIR; };
		7F30BFF82CBF447BB12E5234 /* ukf.cpp */ = {isa = PBXFileReference; explicitFileType = sourcecode.cpp.cpp; fileEncoding = 4; indentWidth = 2; name = ukf.cpp; path = src/ukf.cpp; sourceTree = SOURCE_ROOT; tabWidth = 2; };
		86639D451F045EE50062CBD3 /* measurement_package.h */ = {isa = PBXFileReference; fileEncoding = 4; lastKnownFileType = sourcecode.c.h; name = measurement_package.h; path = src/measurement_package.h; sourceTree = "<group>"; };
		86639D461F045EE50062CBD3 /* tools.h */ = {isa = PBXFileReference; fileEncoding = 4; lastKnownFileType = sourcecode.c.h; name = tools.h; path = src/tools.h; sourceTree = "<group>"; };
		86639D471F045EE50062CBD3 /* ukf.h */ = {isa = PBXFileReference; fileEncoding = 4; lastKnownFileType = sourcecode.c.h; name = ukf.h; path = src/ukf.h; sourceTree = "<group>"; };
		9734F2FAC0A942268FE9B494 /* CMakeLists.txt */ = {isa = PBXFileReference; explicitFileType = sourcecode.text; fileEncoding = 4; lastKnownFileType = text; path = CMakeLists.txt; sourceTree = SOURCE_ROOT; };
		ABEE30B0A47E41BFACFC0687 /* main.cpp */ = {isa = PBXFileReference; explicitFileType = sourcecode.cpp.cpp; fileEncoding = 4; name = main.cpp; path = src/main.cpp; sourceTree = SOURCE_ROOT; };
/* End PBXFileReference section */

/* Begin PBXGroup section */
		04CF589333434A50BF8D8490 /* UnscentedKF */ = {
			isa = PBXGroup;
			children = (
				AD2575F5E08040849B621EB7 /* Source Files */,
				9734F2FAC0A942268FE9B494 /* CMakeLists.txt */,
			);
			name = UnscentedKF;
			sourceTree = "<group>";
		};
		16F6190D891E423C8AA2FC32 = {
			isa = PBXGroup;
			children = (
				F43AF24012864E1D81C36F68 /* Sources */,
				49307FB0CABB4BF1B4D27199 /* Resources */,
				8175AD6772E44A90BFE6F7BE /* Products */,
			);
			sourceTree = "<group>";
		};
		428D936D9D684C82AB762A05 /* CMake Rules */ = {
			isa = PBXGroup;
			children = (
			);
			name = "CMake Rules";
			sourceTree = "<group>";
		};
		49307FB0CABB4BF1B4D27199 /* Resources */ = {
			isa = PBXGroup;
			children = (
			);
			name = Resources;
			sourceTree = "<group>";
		};
		4B9C2A6627A94DE4A1EE840F /* ALL_BUILD */ = {
			isa = PBXGroup;
			children = (
				428D936D9D684C82AB762A05 /* CMake Rules */,
				2EEDB063F0774C59823397CF /* CMakeLists.txt */,
			);
			name = ALL_BUILD;
			sourceTree = "<group>";
		};
		8175AD6772E44A90BFE6F7BE /* Products */ = {
			isa = PBXGroup;
			children = (
				6C83AD7B92034322BFE954F5 /* UnscentedKF */,
			);
			name = Products;
			sourceTree = "<group>";
		};
		AD2575F5E08040849B621EB7 /* Source Files */ = {
			isa = PBXGroup;
			children = (
				86639D451F045EE50062CBD3 /* measurement_package.h */,
				86639D461F045EE50062CBD3 /* tools.h */,
				86639D471F045EE50062CBD3 /* ukf.h */,
				ABEE30B0A47E41BFACFC0687 /* main.cpp */,
				590D7ED851784D36AD1DFACA /* tools.cpp */,
				7F30BFF82CBF447BB12E5234 /* ukf.cpp */,
			);
			name = "Source Files";
			sourceTree = "<group>";
		};
		D4DED91230414A3C92463831 /* ZERO_CHECK */ = {
			isa = PBXGroup;
			children = (
				FAE16AE031E5497A853A58D3 /* CMake Rules */,
				5640084FC8E4445CA96FF26F /* CMakeLists.txt */,
			);
			name = ZERO_CHECK;
			sourceTree = "<group>";
		};
		F43AF24012864E1D81C36F68 /* Sources */ = {
			isa = PBXGroup;
			children = (
				04CF589333434A50BF8D8490 /* UnscentedKF */,
				4B9C2A6627A94DE4A1EE840F /* ALL_BUILD */,
				D4DED91230414A3C92463831 /* ZERO_CHECK */,
			);
			name = Sources;
			sourceTree = "<group>";
		};
		FAE16AE031E5497A853A58D3 /* CMake Rules */ = {
			isa = PBXGroup;
			children = (
			);
			name = "CMake Rules";
			sourceTree = "<group>";
		};
/* End PBXGroup section */

/* Begin PBXNativeTarget section */
		7F81D91EE6824ABC9BA014DD /* UnscentedKF */ = {
			isa = PBXNativeTarget;
			buildConfigurationList = 130CCB54C7DC44E795297F6D /* Build configuration list for PBXNativeTarget "UnscentedKF" */;
			buildPhases = (
				EF0629F9D51F45E8B3613BF7 /* Sources */,
			);
			buildRules = (
			);
			dependencies = (
				FB868C1C873F41B6B2868339 /* PBXTargetDependency */,
			);
			name = UnscentedKF;
			productName = UnscentedKF;
			productReference = 6C83AD7B92034322BFE954F5 /* UnscentedKF */;
			productType = "com.apple.product-type.tool";
		};
/* End PBXNativeTarget section */

/* Begin PBXProject section */
		811F4FC597434A31B3EE5055 /* Project object */ = {
			isa = PBXProject;
			attributes = {
				BuildIndependentTargetsInParallel = YES;
				LastUpgradeCheck = 0830;
			};
			buildConfigurationList = 822DAB25A34B4AFAB51C9F91 /* Build configuration list for PBXProject "UnscentedKF" */;
			compatibilityVersion = "Xcode 3.2";
			developmentRegion = English;
			hasScannedForEncodings = 0;
			knownRegions = (
				en,
			);
			mainGroup = 16F6190D891E423C8AA2FC32;
			projectDirPath = ../../;
			projectRoot = "";
			targets = (
				9C44389F2C1248E299835660 /* ALL_BUILD */,
				7F81D91EE6824ABC9BA014DD /* UnscentedKF */,
				5430B1080F2549EA8044EB5F /* ZERO_CHECK */,
			);
		};
/* End PBXProject section */

/* Begin PBXShellScriptBuildPhase section */
		04CBC7CF9C7C42E39C949966 /* CMake Rules */ = {
			isa = PBXShellScriptBuildPhase;
			buildActionMask = 2147483647;
			files = (
			);
			name = "CMake Rules";
			runOnlyForDeploymentPostprocessing = 0;
			shellPath = /bin/sh;
			shellScript = "make -C /Users/hm/desktop/homemaster/week14/term2/project2/unscented_kalman_filter/ide_profile/xcode -f /Users/hm/desktop/homemaster/week14/term2/project2/unscented_kalman_filter/ide_profile/xcode/CMakeScripts/ALL_BUILD_cmakeRulesBuildPhase.make$CONFIGURATION all";
			showEnvVarsInLog = 0;
		};
		9B4C9EC17DD243009F841CEC /* CMake Rules */ = {
			isa = PBXShellScriptBuildPhase;
			buildActionMask = 2147483647;
			files = (
			);
			name = "CMake Rules";
			runOnlyForDeploymentPostprocessing = 0;
			shellPath = /bin/sh;
			shellScript = "make -C /Users/hm/desktop/homemaster/week14/term2/project2/unscented_kalman_filter/ide_profile/xcode -f /Users/hm/desktop/homemaster/week14/term2/project2/unscented_kalman_filter/ide_profile/xcode/CMakeScripts/ZERO_CHECK_cmakeRulesBuildPhase.make$CONFIGURATION all";
			showEnvVarsInLog = 0;
		};
/* End PBXShellScriptBuildPhase section */

/* Begin PBXSourcesBuildPhase section */
		EF0629F9D51F45E8B3613BF7 /* Sources */ = {
			isa = PBXSourcesBuildPhase;
			buildActionMask = 2147483647;
			files = (
				1E940AEFCC544F8E86432ED3 /* main.cpp in Sources */,
				923CF0A299F54EA1A3479E42 /* tools.cpp in Sources */,
				295F3F7D6402420A87723CF3 /* ukf.cpp in Sources */,
			);
			runOnlyForDeploymentPostprocessing = 0;
		};
/* End PBXSourcesBuildPhase section */

/* Begin PBXTargetDependency section */
		9F6B796F7E174987BFDD6D8A /* PBXTargetDependency */ = {
			isa = PBXTargetDependency;
			target = 7F81D91EE6824ABC9BA014DD /* UnscentedKF */;
			targetProxy = 6F7207E8B6E347EB9394D6DD /* PBXContainerItemProxy */;
		};
		CEC6FC837BC24A00BEFC6677 /* PBXTargetDependency */ = {
			isa = PBXTargetDependency;
			target = 5430B1080F2549EA8044EB5F /* ZERO_CHECK */;
			targetProxy = F1EC640E8D864312B6B4C2B3 /* PBXContainerItemProxy */;
		};
		FB868C1C873F41B6B2868339 /* PBXTargetDependency */ = {
			isa = PBXTargetDependency;
			target = 5430B1080F2549EA8044EB5F /* ZERO_CHECK */;
			targetProxy = 76E81DB2D1F349D2975D70FD /* PBXContainerItemProxy */;
		};
/* End PBXTargetDependency section */

/* Begin XCBuildConfiguration section */
		0AD2AE1FC07F460FA19ECD08 /* Release */ = {
			isa = XCBuildConfiguration;
			buildSettings = {
				COMBINE_HIDPI_IMAGES = YES;
				GCC_GENERATE_DEBUGGING_SYMBOLS = YES;
				GCC_INLINES_ARE_PRIVATE_EXTERN = NO;
				GCC_OPTIMIZATION_LEVEL = 0;
				GCC_PREPROCESSOR_DEFINITIONS = "'CMAKE_INTDIR=\"$(CONFIGURATION)$(EFFECTIVE_PLATFORM_NAME)\"'";
				GCC_SYMBOLS_PRIVATE_EXTERN = NO;
				HEADER_SEARCH_PATHS = (
					/usr/local/include,
					/usr/local/opt/openssl/include,
				);
				INSTALL_PATH = "";
				OTHER_LDFLAGS = " ";
				OTHER_REZFLAGS = "";
				PRODUCT_NAME = ALL_BUILD;
				SECTORDER_FLAGS = "";
				SYMROOT = /Users/hm/desktop/homemaster/week14/term2/project2/unscented_kalman_filter/ide_profile/xcode;
				USE_HEADERMAP = NO;
				WARNING_CFLAGS = (
					"-Wmost",
					"-Wno-four-char-constants",
					"-Wno-unknown-pragmas",
					"$(inherited)",
				);
			};
			name = Release;
		};
		12FD5F14CE9C442F91A0CC9C /* MinSizeRel */ = {
			isa = XCBuildConfiguration;
			buildSettings = {
				COMBINE_HIDPI_IMAGES = YES;
				GCC_GENERATE_DEBUGGING_SYMBOLS = YES;
				GCC_INLINES_ARE_PRIVATE_EXTERN = NO;
				GCC_OPTIMIZATION_LEVEL = 0;
				GCC_PREPROCESSOR_DEFINITIONS = "'CMAKE_INTDIR=\"$(CONFIGURATION)$(EFFECTIVE_PLATFORM_NAME)\"'";
				GCC_SYMBOLS_PRIVATE_EXTERN = NO;
				HEADER_SEARCH_PATHS = (
					/usr/local/include,
					/usr/local/opt/openssl/include,
				);
				INSTALL_PATH = "";
				OTHER_LDFLAGS = " ";
				OTHER_REZFLAGS = "";
				PRODUCT_NAME = ZERO_CHECK;
				SECTORDER_FLAGS = "";
				SYMROOT = /Users/hm/desktop/homemaster/week14/term2/project2/unscented_kalman_filter/ide_profile/xcode;
				USE_HEADERMAP = NO;
				WARNING_CFLAGS = (
					"-Wmost",
					"-Wno-four-char-constants",
					"-Wno-unknown-pragmas",
					"$(inherited)",
				);
			};
			name = MinSizeRel;
		};
		13A5AD1A57ED44ED8C2BC5F3 /* RelWithDebInfo */ = {
			isa = XCBuildConfiguration;
			buildSettings = {
				COMBINE_HIDPI_IMAGES = YES;
				EXECUTABLE_PREFIX = "";
				EXECUTABLE_SUFFIX = "";
				GCC_GENERATE_DEBUGGING_SYMBOLS = YES;
				GCC_INLINES_ARE_PRIVATE_EXTERN = NO;
				GCC_OPTIMIZATION_LEVEL = 2;
				GCC_PREPROCESSOR_DEFINITIONS = "'CMAKE_INTDIR=\"$(CONFIGURATION)$(EFFECTIVE_PLATFORM_NAME)\"'";
				GCC_SYMBOLS_PRIVATE_EXTERN = NO;
				HEADER_SEARCH_PATHS = (
					/usr/local/include,
					/usr/local/opt/openssl/include,
				);
				INSTALL_PATH = "";
				LD_RUNPATH_SEARCH_PATHS = "/usr/local/lib /usr/local/opt/openssl/lib /usr/local/Cellar/libuv/1.11.0/lib";
				LIBRARY_SEARCH_PATHS = (
					"/usr/local/lib/$(CONFIGURATION)$(EFFECTIVE_PLATFORM_NAME)",
					/usr/local/lib,
					"/usr/local/opt/openssl/lib/$(CONFIGURATION)$(EFFECTIVE_PLATFORM_NAME)",
					/usr/local/opt/openssl/lib,
					"/usr/local/Cellar/libuv/1.11.0/lib/$(CONFIGURATION)$(EFFECTIVE_PLATFORM_NAME)",
					/usr/local/Cellar/libuv/1.11.0/lib,
				);
				OTHER_CPLUSPLUSFLAGS = (
					"-DNDEBUG",
					"-I/usr/local/include",
					"-I/usr/local/opt/openssl/include",
					"-std=c++11",
				);
				OTHER_LDFLAGS = (
					"-Wl,-search_paths_first",
					"-Wl,-headerpad_max_install_names",
					"-lz",
					"-lssl",
					"-luv",
					"-luWS",
				);
				OTHER_REZFLAGS = "";
				PRODUCT_NAME = UnscentedKF;
				SECTORDER_FLAGS = "";
				SYMROOT = /Users/hm/desktop/homemaster/week14/term2/project2/unscented_kalman_filter/ide_profile/xcode;
				USE_HEADERMAP = NO;
				WARNING_CFLAGS = (
					"-Wmost",
					"-Wno-four-char-constants",
					"-Wno-unknown-pragmas",
					"$(inherited)",
				);
			};
			name = RelWithDebInfo;
		};
		25F20DD119F240A0AD65458A /* RelWithDebInfo */ = {
			isa = XCBuildConfiguration;
			buildSettings = {
				COMBINE_HIDPI_IMAGES = YES;
				GCC_GENERATE_DEBUGGING_SYMBOLS = YES;
				GCC_INLINES_ARE_PRIVATE_EXTERN = NO;
				GCC_OPTIMIZATION_LEVEL = 0;
				GCC_PREPROCESSOR_DEFINITIONS = "'CMAKE_INTDIR=\"$(CONFIGURATION)$(EFFECTIVE_PLATFORM_NAME)\"'";
				GCC_SYMBOLS_PRIVATE_EXTERN = NO;
				HEADER_SEARCH_PATHS = (
					/usr/local/include,
					/usr/local/opt/openssl/include,
				);
				INSTALL_PATH = "";
				OTHER_LDFLAGS = " ";
				OTHER_REZFLAGS = "";
				PRODUCT_NAME = ZERO_CHECK;
				SECTORDER_FLAGS = "";
				SYMROOT = /Users/hm/desktop/homemaster/week14/term2/project2/unscented_kalman_filter/ide_profile/xcode;
				USE_HEADERMAP = NO;
				WARNING_CFLAGS = (
					"-Wmost",
					"-Wno-four-char-constants",
					"-Wno-unknown-pragmas",
					"$(inherited)",
				);
			};
			name = RelWithDebInfo;
		};
		28233243B30744DE896291B2 /* Debug */ = {
			isa = XCBuildConfiguration;
			buildSettings = {
				COMBINE_HIDPI_IMAGES = YES;
				EXECUTABLE_PREFIX = "";
				EXECUTABLE_SUFFIX = "";
				GCC_GENERATE_DEBUGGING_SYMBOLS = YES;
				GCC_INLINES_ARE_PRIVATE_EXTERN = NO;
				GCC_OPTIMIZATION_LEVEL = 0;
				GCC_PREPROCESSOR_DEFINITIONS = "'CMAKE_INTDIR=\"$(CONFIGURATION)$(EFFECTIVE_PLATFORM_NAME)\"'";
				GCC_SYMBOLS_PRIVATE_EXTERN = NO;
				HEADER_SEARCH_PATHS = (
					/usr/local/include,
					/usr/local/opt/openssl/include,
				);
				INSTALL_PATH = "";
				LD_RUNPATH_SEARCH_PATHS = "/usr/local/lib /usr/local/opt/openssl/lib /usr/local/Cellar/libuv/1.11.0/lib";
				LIBRARY_SEARCH_PATHS = (
					"/usr/local/lib/$(CONFIGURATION)$(EFFECTIVE_PLATFORM_NAME)",
					/usr/local/lib,
					"/usr/local/opt/openssl/lib/$(CONFIGURATION)$(EFFECTIVE_PLATFORM_NAME)",
					/usr/local/opt/openssl/lib,
					"/usr/local/Cellar/libuv/1.11.0/lib/$(CONFIGURATION)$(EFFECTIVE_PLATFORM_NAME)",
					/usr/local/Cellar/libuv/1.11.0/lib,
				);
				OTHER_CPLUSPLUSFLAGS = (
					"-I/usr/local/include",
					"-I/usr/local/opt/openssl/include",
					"-std=c++11",
				);
				OTHER_LDFLAGS = (
					"-Wl,-search_paths_first",
					"-Wl,-headerpad_max_install_names",
					"-lz",
					"-lssl",
					"-luv",
					"-luWS",
				);
				OTHER_REZFLAGS = "";
				PRODUCT_NAME = UnscentedKF;
				SECTORDER_FLAGS = "";
				SYMROOT = /Users/hm/desktop/homemaster/week14/term2/project2/unscented_kalman_filter/ide_profile/xcode;
				USE_HEADERMAP = NO;
				WARNING_CFLAGS = (
					"-Wmost",
					"-Wno-four-char-constants",
					"-Wno-unknown-pragmas",
					"$(inherited)",
				);
			};
			name = Debug;
		};
		3CD0FB69D6FB474E9C440927 /* Debug */ = {
			isa = XCBuildConfiguration;
			buildSettings = {
				COMBINE_HIDPI_IMAGES = YES;
				GCC_GENERATE_DEBUGGING_SYMBOLS = YES;
				GCC_INLINES_ARE_PRIVATE_EXTERN = NO;
				GCC_OPTIMIZATION_LEVEL = 0;
				GCC_PREPROCESSOR_DEFINITIONS = "'CMAKE_INTDIR=\"$(CONFIGURATION)$(EFFECTIVE_PLATFORM_NAME)\"'";
				GCC_SYMBOLS_PRIVATE_EXTERN = NO;
				HEADER_SEARCH_PATHS = (
					/usr/local/include,
					/usr/local/opt/openssl/include,
				);
				INSTALL_PATH = "";
				OTHER_LDFLAGS = " ";
				OTHER_REZFLAGS = "";
				PRODUCT_NAME = ALL_BUILD;
				SECTORDER_FLAGS = "";
				SYMROOT = /Users/hm/desktop/homemaster/week14/term2/project2/unscented_kalman_filter/ide_profile/xcode;
				USE_HEADERMAP = NO;
				WARNING_CFLAGS = (
					"-Wmost",
					"-Wno-four-char-constants",
					"-Wno-unknown-pragmas",
					"$(inherited)",
				);
			};
			name = Debug;
		};
		4C8F347339934CA0A14FF8C2 /* Release */ = {
			isa = XCBuildConfiguration;
			buildSettings = {
				COMBINE_HIDPI_IMAGES = YES;
				GCC_GENERATE_DEBUGGING_SYMBOLS = YES;
				GCC_INLINES_ARE_PRIVATE_EXTERN = NO;
				GCC_OPTIMIZATION_LEVEL = 0;
				GCC_PREPROCESSOR_DEFINITIONS = "'CMAKE_INTDIR=\"$(CONFIGURATION)$(EFFECTIVE_PLATFORM_NAME)\"'";
				GCC_SYMBOLS_PRIVATE_EXTERN = NO;
				HEADER_SEARCH_PATHS = (
					/usr/local/include,
					/usr/local/opt/openssl/include,
				);
				INSTALL_PATH = "";
				OTHER_LDFLAGS = " ";
				OTHER_REZFLAGS = "";
				PRODUCT_NAME = ZERO_CHECK;
				SECTORDER_FLAGS = "";
				SYMROOT = /Users/hm/desktop/homemaster/week14/term2/project2/unscented_kalman_filter/ide_profile/xcode;
				USE_HEADERMAP = NO;
				WARNING_CFLAGS = (
					"-Wmost",
					"-Wno-four-char-constants",
					"-Wno-unknown-pragmas",
					"$(inherited)",
				);
			};
			name = Release;
		};
		50793750CD4B48D4A3AF6ACE /* MinSizeRel */ = {
			isa = XCBuildConfiguration;
			buildSettings = {
				COMBINE_HIDPI_IMAGES = YES;
				GCC_GENERATE_DEBUGGING_SYMBOLS = YES;
				GCC_INLINES_ARE_PRIVATE_EXTERN = NO;
				GCC_OPTIMIZATION_LEVEL = 0;
				GCC_PREPROCESSOR_DEFINITIONS = "'CMAKE_INTDIR=\"$(CONFIGURATION)$(EFFECTIVE_PLATFORM_NAME)\"'";
				GCC_SYMBOLS_PRIVATE_EXTERN = NO;
				HEADER_SEARCH_PATHS = (
					/usr/local/include,
					/usr/local/opt/openssl/include,
				);
				INSTALL_PATH = "";
				OTHER_LDFLAGS = " ";
				OTHER_REZFLAGS = "";
				PRODUCT_NAME = ALL_BUILD;
				SECTORDER_FLAGS = "";
				SYMROOT = /Users/hm/desktop/homemaster/week14/term2/project2/unscented_kalman_filter/ide_profile/xcode;
				USE_HEADERMAP = NO;
				WARNING_CFLAGS = (
					"-Wmost",
					"-Wno-four-char-constants",
					"-Wno-unknown-pragmas",
					"$(inherited)",
				);
			};
			name = MinSizeRel;
		};
		5E03AEE5162C495CAB387CD2 /* Release */ = {
			isa = XCBuildConfiguration;
			buildSettings = {
				COMBINE_HIDPI_IMAGES = YES;
				EXECUTABLE_PREFIX = "";
				EXECUTABLE_SUFFIX = "";
				GCC_GENERATE_DEBUGGING_SYMBOLS = NO;
				GCC_INLINES_ARE_PRIVATE_EXTERN = NO;
				GCC_OPTIMIZATION_LEVEL = 3;
				GCC_PREPROCESSOR_DEFINITIONS = "'CMAKE_INTDIR=\"$(CONFIGURATION)$(EFFECTIVE_PLATFORM_NAME)\"'";
				GCC_SYMBOLS_PRIVATE_EXTERN = NO;
				HEADER_SEARCH_PATHS = (
					/usr/local/include,
					/usr/local/opt/openssl/include,
				);
				INSTALL_PATH = "";
				LD_RUNPATH_SEARCH_PATHS = "/usr/local/lib /usr/local/opt/openssl/lib /usr/local/Cellar/libuv/1.11.0/lib";
				LIBRARY_SEARCH_PATHS = (
					"/usr/local/lib/$(CONFIGURATION)$(EFFECTIVE_PLATFORM_NAME)",
					/usr/local/lib,
					"/usr/local/opt/openssl/lib/$(CONFIGURATION)$(EFFECTIVE_PLATFORM_NAME)",
					/usr/local/opt/openssl/lib,
					"/usr/local/Cellar/libuv/1.11.0/lib/$(CONFIGURATION)$(EFFECTIVE_PLATFORM_NAME)",
					/usr/local/Cellar/libuv/1.11.0/lib,
				);
				OTHER_CPLUSPLUSFLAGS = (
					"-DNDEBUG",
					"-I/usr/local/include",
					"-I/usr/local/opt/openssl/include",
					"-std=c++11",
				);
				OTHER_LDFLAGS = (
					"-Wl,-search_paths_first",
					"-Wl,-headerpad_max_install_names",
					"-lz",
					"-lssl",
					"-luv",
					"-luWS",
				);
				OTHER_REZFLAGS = "";
				PRODUCT_NAME = UnscentedKF;
				SECTORDER_FLAGS = "";
				SYMROOT = /Users/hm/desktop/homemaster/week14/term2/project2/unscented_kalman_filter/ide_profile/xcode;
				USE_HEADERMAP = NO;
				WARNING_CFLAGS = (
					"-Wmost",
					"-Wno-four-char-constants",
					"-Wno-unknown-pragmas",
					"$(inherited)",
				);
			};
			name = Release;
		};
		6634A4D3D0D5445980116D42 /* Debug */ = {
			isa = XCBuildConfiguration;
			buildSettings = {
				ONLY_ACTIVE_ARCH = YES;
				SDKROOT = /Applications/Xcode.app/Contents/Developer/Platforms/MacOSX.platform/Developer/SDKs/MacOSX10.12.sdk;
				SYMROOT = /Users/hm/desktop/homemaster/week14/term2/project2/unscented_kalman_filter/ide_profile/xcode/build;
			};
			name = Debug;
		};
		739CFDFE494D41C788CC4E7C /* RelWithDebInfo */ = {
			isa = XCBuildConfiguration;
			buildSettings = {
				COMBINE_HIDPI_IMAGES = YES;
				GCC_GENERATE_DEBUGGING_SYMBOLS = YES;
				GCC_INLINES_ARE_PRIVATE_EXTERN = NO;
				GCC_OPTIMIZATION_LEVEL = 0;
				GCC_PREPROCESSOR_DEFINITIONS = "'CMAKE_INTDIR=\"$(CONFIGURATION)$(EFFECTIVE_PLATFORM_NAME)\"'";
				GCC_SYMBOLS_PRIVATE_EXTERN = NO;
				HEADER_SEARCH_PATHS = (
					/usr/local/include,
					/usr/local/opt/openssl/include,
				);
				INSTALL_PATH = "";
				OTHER_LDFLAGS = " ";
				OTHER_REZFLAGS = "";
				PRODUCT_NAME = ALL_BUILD;
				SECTORDER_FLAGS = "";
				SYMROOT = /Users/hm/desktop/homemaster/week14/term2/project2/unscented_kalman_filter/ide_profile/xcode;
				USE_HEADERMAP = NO;
				WARNING_CFLAGS = (
					"-Wmost",
					"-Wno-four-char-constants",
					"-Wno-unknown-pragmas",
					"$(inherited)",
				);
			};
			name = RelWithDebInfo;
		};
		E09509160CD54904B1160E15 /* MinSizeRel */ = {
			isa = XCBuildConfiguration;
			buildSettings = {
				ONLY_ACTIVE_ARCH = YES;
				SDKROOT = /Applications/Xcode.app/Contents/Developer/Platforms/MacOSX.platform/Developer/SDKs/MacOSX10.12.sdk;
				SYMROOT = /Users/hm/desktop/homemaster/week14/term2/project2/unscented_kalman_filter/ide_profile/xcode/build;
			};
			name = MinSizeRel;
		};
		E90D0D12D31F427688E244E5 /* Release */ = {
			isa = XCBuildConfiguration;
			buildSettings = {
				ONLY_ACTIVE_ARCH = YES;
				SDKROOT = /Applications/Xcode.app/Contents/Developer/Platforms/MacOSX.platform/Developer/SDKs/MacOSX10.12.sdk;
				SYMROOT = /Users/hm/desktop/homemaster/week14/term2/project2/unscented_kalman_filter/ide_profile/xcode/build;
			};
			name = Release;
		};
		F039664CE76F434BBA937F3C /* RelWithDebInfo */ = {
			isa = XCBuildConfiguration;
			buildSettings = {
				ONLY_ACTIVE_ARCH = YES;
				SDKROOT = /Applications/Xcode.app/Contents/Developer/Platforms/MacOSX.platform/Developer/SDKs/MacOSX10.12.sdk;
				SYMROOT = /Users/hm/desktop/homemaster/week14/term2/project2/unscented_kalman_filter/ide_profile/xcode/build;
			};
			name = RelWithDebInfo;
		};
		F8A584717C364C5A902623C6 /* MinSizeRel */ = {
			isa = XCBuildConfiguration;
			buildSettings = {
				COMBINE_HIDPI_IMAGES = YES;
				EXECUTABLE_PREFIX = "";
				EXECUTABLE_SUFFIX = "";
				GCC_GENERATE_DEBUGGING_SYMBOLS = NO;
				GCC_INLINES_ARE_PRIVATE_EXTERN = NO;
				GCC_OPTIMIZATION_LEVEL = s;
				GCC_PREPROCESSOR_DEFINITIONS = "'CMAKE_INTDIR=\"$(CONFIGURATION)$(EFFECTIVE_PLATFORM_NAME)\"'";
				GCC_SYMBOLS_PRIVATE_EXTERN = NO;
				HEADER_SEARCH_PATHS = (
					/usr/local/include,
					/usr/local/opt/openssl/include,
				);
				INSTALL_PATH = "";
				LD_RUNPATH_SEARCH_PATHS = "/usr/local/lib /usr/local/opt/openssl/lib /usr/local/Cellar/libuv/1.11.0/lib";
				LIBRARY_SEARCH_PATHS = (
					"/usr/local/lib/$(CONFIGURATION)$(EFFECTIVE_PLATFORM_NAME)",
					/usr/local/lib,
					"/usr/local/opt/openssl/lib/$(CONFIGURATION)$(EFFECTIVE_PLATFORM_NAME)",
					/usr/local/opt/openssl/lib,
					"/usr/local/Cellar/libuv/1.11.0/lib/$(CONFIGURATION)$(EFFECTIVE_PLATFORM_NAME)",
					/usr/local/Cellar/libuv/1.11.0/lib,
				);
				OTHER_CPLUSPLUSFLAGS = (
					"-DNDEBUG",
					"-I/usr/local/include",
					"-I/usr/local/opt/openssl/include",
					"-std=c++11",
				);
				OTHER_LDFLAGS = (
					"-Wl,-search_paths_first",
					"-Wl,-headerpad_max_install_names",
					"-lz",
					"-lssl",
					"-luv",
					"-luWS",
				);
				OTHER_REZFLAGS = "";
				PRODUCT_NAME = UnscentedKF;
				SECTORDER_FLAGS = "";
				SYMROOT = /Users/hm/desktop/homemaster/week14/term2/project2/unscented_kalman_filter/ide_profile/xcode;
				USE_HEADERMAP = NO;
				WARNING_CFLAGS = (
					"-Wmost",
					"-Wno-four-char-constants",
					"-Wno-unknown-pragmas",
					"$(inherited)",
				);
			};
			name = MinSizeRel;
		};
		FA10E757AA95490AAD5AEF43 /* Debug */ = {
			isa = XCBuildConfiguration;
			buildSettings = {
				COMBINE_HIDPI_IMAGES = YES;
				GCC_GENERATE_DEBUGGING_SYMBOLS = YES;
				GCC_INLINES_ARE_PRIVATE_EXTERN = NO;
				GCC_OPTIMIZATION_LEVEL = 0;
				GCC_PREPROCESSOR_DEFINITIONS = "'CMAKE_INTDIR=\"$(CONFIGURATION)$(EFFECTIVE_PLATFORM_NAME)\"'";
				GCC_SYMBOLS_PRIVATE_EXTERN = NO;
				HEADER_SEARCH_PATHS = (
					/usr/local/include,
					/usr/local/opt/openssl/include,
				);
				INSTALL_PATH = "";
				OTHER_LDFLAGS = " ";
				OTHER_REZFLAGS = "";
				PRODUCT_NAME = ZERO_CHECK;
				SECTORDER_FLAGS = "";
				SYMROOT = /Users/hm/desktop/homemaster/week14/term2/project2/unscented_kalman_filter/ide_profile/xcode;
				USE_HEADERMAP = NO;
				WARNING_CFLAGS = (
					"-Wmost",
					"-Wno-four-char-constants",
					"-Wno-unknown-pragmas",
					"$(inherited)",
				);
			};
			name = Debug;
		};
/* End XCBuildConfiguration section */

/* Begin XCConfigurationList section */
		130CCB54C7DC44E795297F6D /* Build configuration list for PBXNativeTarget "UnscentedKF" */ = {
			isa = XCConfigurationList;
			buildConfigurations = (
				28233243B30744DE896291B2 /* Debug */,
				5E03AEE5162C495CAB387CD2 /* Release */,
				F8A584717C364C5A902623C6 /* MinSizeRel */,
				13A5AD1A57ED44ED8C2BC5F3 /* RelWithDebInfo */,
			);
			defaultConfigurationIsVisible = 0;
			defaultConfigurationName = Debug;
		};
		39E6342F64DC47F1A46CC96D /* Build configuration list for PBXAggregateTarget "ZERO_CHECK" */ = {
			isa = XCConfigurationList;
			buildConfigurations = (
				FA10E757AA95490AAD5AEF43 /* Debug */,
				4C8F347339934CA0A14FF8C2 /* Release */,
				12FD5F14CE9C442F91A0CC9C /* MinSizeRel */,
				25F20DD119F240A0AD65458A /* RelWithDebInfo */,
			);
			defaultConfigurationIsVisible = 0;
			defaultConfigurationName = Debug;
		};
		822DAB25A34B4AFAB51C9F91 /* Build configuration list for PBXProject "UnscentedKF" */ = {
			isa = XCConfigurationList;
			buildConfigurations = (
				6634A4D3D0D5445980116D42 /* Debug */,
				E90D0D12D31F427688E244E5 /* Release */,
				E09509160CD54904B1160E15 /* MinSizeRel */,
				F039664CE76F434BBA937F3C /* RelWithDebInfo */,
			);
			defaultConfigurationIsVisible = 0;
			defaultConfigurationName = Debug;
		};
		E5F0F732D6534C4FAEE8D629 /* Build configuration list for PBXAggregateTarget "ALL_BUILD" */ = {
			isa = XCConfigurationList;
			buildConfigurations = (
				3CD0FB69D6FB474E9C440927 /* Debug */,
				0AD2AE1FC07F460FA19ECD08 /* Release */,
				50793750CD4B48D4A3AF6ACE /* MinSizeRel */,
				739CFDFE494D41C788CC4E7C /* RelWithDebInfo */,
			);
			defaultConfigurationIsVisible = 0;
			defaultConfigurationName = Debug;
		};
/* End XCConfigurationList section */
	};
	rootObject = 811F4FC597434A31B3EE5055 /* Project object */;
}
